<Project xmlns="http://schemas.microsoft.com/developer/msbuild/2003">
    <PropertyGroup>
        <Base>True</Base>
        <AppType>Package</AppType>
        <Config Condition="'$(Config)'==''">Release</Config>
        <FrameworkType>None</FrameworkType>
        <MainSource>VSoft.AnsiConsoleR.dpk</MainSource>
        <Platform Condition="'$(Platform)'==''">Win64</Platform>
        <ProjectGuid>{2895BBCD-6D61-4203-ABB4-186491BB31BA}</ProjectGuid>
        <ProjectName Condition="'$(ProjectName)'==''">VSoft.AnsiConsoleR</ProjectName>
        <ProjectVersion>20.4</ProjectVersion>
        <TargetedPlatforms>2097155</TargetedPlatforms>
    </PropertyGroup>
    <PropertyGroup Condition="('$(Platform)'=='Win64x' and '$(Base)'=='true') or '$(Base_Win64x)'!=''">
        <Base>true</Base>
        <CfgParent>Base</CfgParent>
        <Base_Win64x>true</Base_Win64x>
    </PropertyGroup>
    <PropertyGroup Condition="('$(Platform)'=='OSXARM64' and '$(Base)'=='true') or '$(Base_OSXARM64)'!=''">
        <Base>true</Base>
        <CfgParent>Base</CfgParent>
        <Base_OSXARM64>true</Base_OSXARM64>
    </PropertyGroup>
    <PropertyGroup Condition="('$(Platform)'=='OSX64' and '$(Base)'=='true') or '$(Base_OSX64)'!=''">
        <Base>true</Base>
        <CfgParent>Base</CfgParent>
        <Base_OSX64>true</Base_OSX64>
    </PropertyGroup>
    <PropertyGroup Condition="'$(Config)'=='Base' or '$(Base)'!=''">
        <Base>true</Base>
    </PropertyGroup>
    <PropertyGroup Condition="('$(Platform)'=='Win32' and '$(Base)'=='true') or '$(Base_Win32)'!=''">
        <Base_Win32>true</Base_Win32>
        <CfgParent>Base</CfgParent>
        <Base>true</Base>
    </PropertyGroup>
    <PropertyGroup Condition="('$(Platform)'=='Win64' and '$(Base)'=='true') or '$(Base_Win64)'!=''">
        <Base_Win64>true</Base_Win64>
        <CfgParent>Base</CfgParent>
        <Base>true</Base>
    </PropertyGroup>
    <PropertyGroup Condition="('$(Platform)'=='WinARM64EC' and '$(Base)'=='true') or '$(Base_WinARM64EC)'!=''">
        <Base_WinARM64EC>true</Base_WinARM64EC>
        <CfgParent>Base</CfgParent>
        <Base>true</Base>
    </PropertyGroup>
    <PropertyGroup Condition="'$(Config)'=='Release' or '$(Cfg_1)'!=''">
        <Cfg_1>true</Cfg_1>
        <CfgParent>Base</CfgParent>
        <Base>true</Base>
    </PropertyGroup>
    <PropertyGroup Condition="'$(Config)'=='Debug' or '$(Cfg_2)'!=''">
        <Cfg_2>true</Cfg_2>
        <CfgParent>Base</CfgParent>
        <Base>true</Base>
    </PropertyGroup>
    <PropertyGroup Condition="'$(Base_Win64x)'!=''">
        <BCC_EnableBatchCompilation>true</BCC_EnableBatchCompilation>
        <BT_BuildType>Debug</BT_BuildType>
        <DCC_Namespace>Winapi;System.Win;Data.Win;Datasnap.Win;Web.Win;Soap.Win;Xml.Win;$(DCC_Namespace)</DCC_Namespace>
        <VerInfo_IncludeVerInfo>true</VerInfo_IncludeVerInfo>
        <VerInfo_Keys>CompanyName=;FileDescription=$(MSBuildProjectName);FileVersion=1.0.0.0;InternalName=;LegalCopyright=;LegalTrademarks=;OriginalFilename=;ProgramID=com.embarcadero.$(MSBuildProjectName);ProductName=$(MSBuildProjectName);ProductVersion=1.0.0.0;Comments=</VerInfo_Keys>
        <VerInfo_Locale>1033</VerInfo_Locale>
    </PropertyGroup>
    <PropertyGroup Condition="'$(Base_OSXARM64)'!=''">
        <BT_BuildType>Debug</BT_BuildType>
        <VerInfo_Keys>CFBundleName=$(MSBuildProjectName);CFBundleDisplayName=$(MSBuildProjectName);CFBundleIdentifier=$(MSBuildProjectName);CFBundleVersion=1.0.0;CFBundleShortVersionString=1.0.0;CFBundlePackageType=APPL;CFBundleSignature=????;CFBundleAllowMixedLocalizations=YES;CFBundleExecutable=$(MSBuildProjectName);NSHighResolutionCapable=true;LSApplicationCategoryType=public.app-category.utilities;NSLocationUsageDescription=The reason for accessing the location information of the user;NSContactsUsageDescription=The reason for accessing the contacts;NSCalendarsUsageDescription=The reason for accessing the calendar data;NSRemindersUsageDescription=The reason for accessing the reminders;NSCameraUsageDescription=The reason for accessing the camera;NSMicrophoneUsageDescription=The reason for accessing the microphone;NSMotionUsageDescription=The reason for accessing the accelerometer;NSDesktopFolderUsageDescription=The reason for accessing the Desktop folder;NSDocumentsFolderUsageDescription=The reason for accessing the Documents folder;NSDownloadsFolderUsageDescription=The reason for accessing the Downloads folder;NSNetworkVolumesUsageDescription=The reason for accessing files on a network volume;NSRemovableVolumesUsageDescription=The reason for accessing files on a removable volume;NSSpeechRecognitionUsageDescription=The reason for requesting to send user data to Apple&apos;s speech recognition servers;ITSAppUsesNonExemptEncryption=false;NSBluetoothAlwaysUsageDescription=The reason for accessing the Bluetooth interface</VerInfo_Keys>
    </PropertyGroup>
    <PropertyGroup Condition="'$(Base_OSX64)'!=''">
        <BT_BuildType>Debug</BT_BuildType>
        <VerInfo_Keys>CFBundleName=$(MSBuildProjectName);CFBundleDisplayName=$(MSBuildProjectName);CFBundleIdentifier=$(MSBuildProjectName);CFBundleVersion=1.0.0;CFBundleShortVersionString=1.0.0;CFBundlePackageType=APPL;CFBundleSignature=????;CFBundleAllowMixedLocalizations=YES;CFBundleExecutable=$(MSBuildProjectName);NSHighResolutionCapable=true;LSApplicationCategoryType=public.app-category.utilities;NSLocationUsageDescription=The reason for accessing the location information of the user;NSContactsUsageDescription=The reason for accessing the contacts;NSCalendarsUsageDescription=The reason for accessing the calendar data;NSRemindersUsageDescription=The reason for accessing the reminders;NSCameraUsageDescription=The reason for accessing the camera;NSMicrophoneUsageDescription=The reason for accessing the microphone;NSMotionUsageDescription=The reason for accessing the accelerometer;NSDesktopFolderUsageDescription=The reason for accessing the Desktop folder;NSDocumentsFolderUsageDescription=The reason for accessing the Documents folder;NSDownloadsFolderUsageDescription=The reason for accessing the Downloads folder;NSNetworkVolumesUsageDescription=The reason for accessing files on a network volume;NSRemovableVolumesUsageDescription=The reason for accessing files on a removable volume;NSSpeechRecognitionUsageDescription=The reason for requesting to send user data to Apple&apos;s speech recognition servers;ITSAppUsesNonExemptEncryption=false;NSBluetoothAlwaysUsageDescription=The reason for accessing the Bluetooth interface</VerInfo_Keys>
    </PropertyGroup>
    <PropertyGroup Condition="'$(Base)'!=''">
        <SanitizedProjectName>VSoft_AnsiConsoleR</SanitizedProjectName>
        <DCC_ImageBase>00400000</DCC_ImageBase>
        <DCC_Namespace>System;Xml;Data;Datasnap;Web;Soap;$(DCC_Namespace)</DCC_Namespace>
        <DllSuffix>$(Auto)</DllSuffix>
        <GenDll>true</GenDll>
        <GenPackage>true</GenPackage>
        <VerInfo_Keys>CompanyName=;FileDescription=;FileVersion=1.0.0.0;InternalName=;LegalCopyright=;LegalTrademarks=;OriginalFilename=;ProductName=;ProductVersion=1.0.0.0;Comments=;CFBundleName=;CFBundleDisplayName=;CFBundleIdentifier=;CFBundleVersion=;CFBundlePackageType=;CFBundleSignature=;CFBundleAllowMixedLocalizations=;CFBundleExecutable=</VerInfo_Keys>
        <VerInfo_Locale>3081</VerInfo_Locale>
    </PropertyGroup>
    <PropertyGroup Condition="'$(Base_Win32)'!=''">
        <DCC_Namespace>Winapi;System.Win;Data.Win;Datasnap.Win;Web.Win;Soap.Win;Xml.Win;Bde;$(DCC_Namespace)</DCC_Namespace>
        <VerInfo_IncludeVerInfo>true</VerInfo_IncludeVerInfo>
        <VerInfo_Keys>CompanyName=;FileDescription=;FileVersion=1.0.0.0;InternalName=;LegalCopyright=;LegalTrademarks=;OriginalFilename=;ProductName=;ProductVersion=1.0.0.0;Comments=</VerInfo_Keys>
        <VerInfo_Locale>1033</VerInfo_Locale>
    </PropertyGroup>
    <PropertyGroup Condition="'$(Base_Win64)'!=''">
        <DCC_Namespace>Winapi;System.Win;Data.Win;Datasnap.Win;Web.Win;Soap.Win;Xml.Win;$(DCC_Namespace)</DCC_Namespace>
        <VerInfo_IncludeVerInfo>true</VerInfo_IncludeVerInfo>
        <VerInfo_Keys>CompanyName=;FileDescription=;FileVersion=1.0.0.0;InternalName=;LegalCopyright=;LegalTrademarks=;OriginalFilename=;ProductName=;ProductVersion=1.0.0.0;Comments=</VerInfo_Keys>
        <VerInfo_Locale>1033</VerInfo_Locale>
    </PropertyGroup>
    <PropertyGroup Condition="'$(Base_WinARM64EC)'!=''">
        <BT_BuildType>Debug</BT_BuildType>
        <DCC_Namespace>Winapi;System.Win;Data.Win;Datasnap.Win;Web.Win;Soap.Win;Xml.Win;$(DCC_Namespace)</DCC_Namespace>
        <VerInfo_IncludeVerInfo>true</VerInfo_IncludeVerInfo>
        <VerInfo_Keys>CompanyName=;FileDescription=$(MSBuildProjectName);FileVersion=1.0.0.0;InternalName=;LegalCopyright=;LegalTrademarks=;OriginalFilename=;ProgramID=com.embarcadero.$(MSBuildProjectName);ProductName=$(MSBuildProjectName);ProductVersion=1.0.0.0;Comments=</VerInfo_Keys>
        <VerInfo_Locale>1033</VerInfo_Locale>
    </PropertyGroup>
    <PropertyGroup Condition="'$(Cfg_1)'!=''">
        <DCC_DebugInformation>0</DCC_DebugInformation>
        <DCC_Define>RELEASE;$(DCC_Define)</DCC_Define>
        <DCC_LocalDebugSymbols>false</DCC_LocalDebugSymbols>
        <DCC_SymbolReferenceInfo>0</DCC_SymbolReferenceInfo>
    </PropertyGroup>
    <PropertyGroup Condition="'$(Cfg_2)'!=''">
        <DCC_Define>DEBUG;$(DCC_Define)</DCC_Define>
        <DCC_GenerateStackFrames>true</DCC_GenerateStackFrames>
        <DCC_Optimize>false</DCC_Optimize>
    </PropertyGroup>
    <ItemGroup>
        <DelphiCompile Include="$(MainSource)">
            <MainSource>MainSource</MainSource>
        </DelphiCompile>
        <DCCReference Include="rtl.dcp"/>
        <DCCReference Include="VSoft.System.ConsoleR.dcp"/>
        <DCCReference Include="..\..\source\Core\VSoft.AnsiConsole.Types.pas"/>
        <DCCReference Include="..\..\source\Core\VSoft.AnsiConsole.Color.pas"/>
        <DCCReference Include="..\..\source\Core\VSoft.AnsiConsole.Emoji.pas"/>
        <DCCReference Include="..\..\source\Core\VSoft.AnsiConsole.Style.pas"/>
        <DCCReference Include="..\..\source\Core\VSoft.AnsiConsole.Segment.pas"/>
        <DCCReference Include="..\..\source\Core\VSoft.AnsiConsole.Measurement.pas"/>
        <DCCReference Include="..\..\source\Internal\VSoft.AnsiConsole.Internal.Cell.Tables.pas"/>
        <DCCReference Include="..\..\source\Internal\VSoft.AnsiConsole.Internal.Cell.pas"/>
        <DCCReference Include="..\..\source\Internal\VSoft.AnsiConsole.Internal.SegmentOps.pas"/>
        <DCCReference Include="..\..\source\Rendering\VSoft.AnsiConsole.Rendering.pas"/>
        <DCCReference Include="..\..\source\Rendering\VSoft.AnsiConsole.Rendering.AnsiWriter.pas"/>
        <DCCReference Include="..\..\source\Profile\VSoft.AnsiConsole.Capabilities.pas"/>
        <DCCReference Include="..\..\source\Profile\VSoft.AnsiConsole.Detection.pas"/>
        <DCCReference Include="..\..\source\Profile\VSoft.AnsiConsole.Enrichment.pas"/>
        <DCCReference Include="..\..\source\Profile\VSoft.AnsiConsole.Profile.pas"/>
        <DCCReference Include="..\..\source\Console\VSoft.AnsiConsole.Console.pas"/>
        <DCCReference Include="..\..\source\Console\VSoft.AnsiConsole.Settings.pas"/>
        <DCCReference Include="..\..\source\Console\VSoft.AnsiConsole.Cursor.pas"/>
        <DCCReference Include="..\..\source\Markup\VSoft.AnsiConsole.Markup.Tokenizer.pas"/>
        <DCCReference Include="..\..\source\Markup\VSoft.AnsiConsole.Markup.Parser.pas"/>
        <DCCReference Include="..\..\source\Borders\VSoft.AnsiConsole.Borders.Box.pas"/>
        <DCCReference Include="..\..\source\Borders\VSoft.AnsiConsole.Borders.Table.pas"/>
        <DCCReference Include="..\..\source\Borders\VSoft.AnsiConsole.Borders.Tree.pas"/>
        <DCCReference Include="..\..\source\Widgets\VSoft.AnsiConsole.Widgets.Text.pas"/>
        <DCCReference Include="..\..\source\Widgets\VSoft.AnsiConsole.Widgets.Markup.pas"/>
        <DCCReference Include="..\..\source\Widgets\VSoft.AnsiConsole.Widgets.Rule.pas"/>
        <DCCReference Include="..\..\source\Widgets\VSoft.AnsiConsole.Widgets.Paragraph.pas"/>
        <DCCReference Include="..\..\source\Widgets\VSoft.AnsiConsole.Widgets.Padder.pas"/>
        <DCCReference Include="..\..\source\Widgets\VSoft.AnsiConsole.Widgets.Align.pas"/>
        <DCCReference Include="..\..\source\Widgets\VSoft.AnsiConsole.Widgets.Rows.pas"/>
        <DCCReference Include="..\..\source\Widgets\VSoft.AnsiConsole.Widgets.Columns.pas"/>
        <DCCReference Include="..\..\source\Widgets\VSoft.AnsiConsole.Widgets.Grid.pas"/>
        <DCCReference Include="..\..\source\Widgets\VSoft.AnsiConsole.Widgets.Panel.pas"/>
        <DCCReference Include="..\..\source\Widgets\VSoft.AnsiConsole.Widgets.Table.pas"/>
        <DCCReference Include="..\..\source\Widgets\VSoft.AnsiConsole.Widgets.Tree.pas"/>
        <DCCReference Include="..\..\source\Console\VSoft.AnsiConsole.Input.pas"/>
        <DCCReference Include="..\..\source\Prompts\VSoft.AnsiConsole.Prompts.Common.pas"/>
        <DCCReference Include="..\..\source\Prompts\VSoft.AnsiConsole.Prompts.Hierarchy.pas"/>
        <DCCReference Include="..\..\source\Prompts\VSoft.AnsiConsole.Prompts.Text.pas"/>
        <DCCReference Include="..\..\source\Prompts\VSoft.AnsiConsole.Prompts.Text.Generic.pas"/>
        <DCCReference Include="..\..\source\Prompts\VSoft.AnsiConsole.Prompts.Confirm.pas"/>
        <DCCReference Include="..\..\source\Prompts\VSoft.AnsiConsole.Prompts.Select.pas"/>
        <DCCReference Include="..\..\source\Prompts\VSoft.AnsiConsole.Prompts.MultiSelect.pas"/>
        <DCCReference Include="..\..\source\Live\VSoft.AnsiConsole.Live.Exclusivity.pas"/>
        <DCCReference Include="..\..\source\Live\VSoft.AnsiConsole.Live.Display.pas"/>
        <DCCReference Include="..\..\source\Live\VSoft.AnsiConsole.Live.Spinners.pas"/>
        <DCCReference Include="..\..\source\Live\VSoft.AnsiConsole.Live.Status.pas"/>
        <DCCReference Include="..\..\source\Live\VSoft.AnsiConsole.Live.Progress.pas"/>
        <DCCReference Include="..\..\source\Widgets\VSoft.AnsiConsole.Widgets.Canvas.pas"/>
        <DCCReference Include="..\..\source\Widgets\VSoft.AnsiConsole.Widgets.BarChart.pas"/>
        <DCCReference Include="..\..\source\Widgets\VSoft.AnsiConsole.Widgets.BreakdownChart.pas"/>
        <DCCReference Include="..\..\source\Widgets\VSoft.AnsiConsole.Widgets.Calendar.pas"/>
        <DCCReference Include="..\..\source\Widgets\VSoft.AnsiConsole.Widgets.TextPath.pas"/>
        <DCCReference Include="..\..\source\Widgets\VSoft.AnsiConsole.Widgets.Layout.pas"/>
        <DCCReference Include="..\..\source\Widgets\VSoft.AnsiConsole.Widgets.Figlet.pas"/>
        <DCCReference Include="..\..\source\Internal\VSoft.AnsiConsole.Internal.FigletFont.pas"/>
        <DCCReference Include="..\..\source\Internal\VSoft.AnsiConsole.Internal.Fonts.Standard.pas"/>
        <DCCReference Include="..\..\source\Widgets\VSoft.AnsiConsole.Widgets.Json.pas"/>
        <DCCReference Include="..\..\source\Widgets\VSoft.AnsiConsole.Widgets.Exception.pas"/>
        <DCCReference Include="..\..\source\Console\VSoft.AnsiConsole.Recorder.pas"/>
        <DCCReference Include="..\..\source\VSoft.AnsiConsole.pas"/>
        <BuildConfiguration Include="Base">
            <Key>Base</Key>
        </BuildConfiguration>
        <BuildConfiguration Include="Release">
            <Key>Cfg_1</Key>
            <CfgParent>Base</CfgParent>
        </BuildConfiguration>
        <BuildConfiguration Include="Debug">
            <Key>Cfg_2</Key>
            <CfgParent>Base</CfgParent>
        </BuildConfiguration>
    </ItemGroup>
    <ProjectExtensions>
        <Borland.Personality>Delphi.Personality.12</Borland.Personality>
        <Borland.ProjectType>Package</Borland.ProjectType>
        <BorlandProject>
            <Delphi.Personality>
                <Source>
                    <Source Name="MainSource">VSoft.AnsiConsoleR.dpk</Source>
                </Source>
                <VersionInfo>
                    <VersionInfo Name="IncludeVerInfo">False</VersionInfo>
                    <VersionInfo Name="AutoIncBuild">False</VersionInfo>
                    <VersionInfo Name="MajorVer">1</VersionInfo>
                    <VersionInfo Name="MinorVer">0</VersionInfo>
                    <VersionInfo Name="Release">0</VersionInfo>
                    <VersionInfo Name="Build">0</VersionInfo>
                    <VersionInfo Name="Debug">False</VersionInfo>
                    <VersionInfo Name="PreRelease">False</VersionInfo>
                    <VersionInfo Name="Special">False</VersionInfo>
                    <VersionInfo Name="Private">False</VersionInfo>
                    <VersionInfo Name="DLL">False</VersionInfo>
                    <VersionInfo Name="Locale">3081</VersionInfo>
                    <VersionInfo Name="CodePage">1252</VersionInfo>
                </VersionInfo>
                <VersionInfoKeys>
                    <VersionInfoKeys Name="CompanyName"/>
                    <VersionInfoKeys Name="FileDescription"/>
                    <VersionInfoKeys Name="FileVersion">1.0.0.0</VersionInfoKeys>
                    <VersionInfoKeys Name="InternalName"/>
                    <VersionInfoKeys Name="LegalCopyright"/>
                    <VersionInfoKeys Name="LegalTrademarks"/>
                    <VersionInfoKeys Name="OriginalFilename"/>
                    <VersionInfoKeys Name="ProductName"/>
                    <VersionInfoKeys Name="ProductVersion">1.0.0.0</VersionInfoKeys>
                    <VersionInfoKeys Name="Comments"/>
                    <VersionInfoKeys Name="CFBundleName"/>
                    <VersionInfoKeys Name="CFBundleDisplayName"/>
                    <VersionInfoKeys Name="CFBundleIdentifier"/>
                    <VersionInfoKeys Name="CFBundleVersion"/>
                    <VersionInfoKeys Name="CFBundlePackageType"/>
                    <VersionInfoKeys Name="CFBundleSignature"/>
                    <VersionInfoKeys Name="CFBundleAllowMixedLocalizations"/>
                    <VersionInfoKeys Name="CFBundleExecutable"/>
                </VersionInfoKeys>
            </Delphi.Personality>
            <Platforms>
                <Platform value="Linux64">False</Platform>
                <Platform value="OSX64">False</Platform>
                <Platform value="OSXARM64">False</Platform>
                <Platform value="Win32">True</Platform>
                <Platform value="Win64">True</Platform>
                <Platform value="Win64x">False</Platform>
                <Platform value="WinARM64EC">True</Platform>
            </Platforms>
        </BorlandProject>
        <ProjectFileVersion>12</ProjectFileVersion>
    </ProjectExtensions>
    <Import Project="$(BDS)\Bin\CodeGear.Delphi.Targets" Condition="Exists('$(BDS)\Bin\CodeGear.Delphi.Targets')"/>
    <Import Project="$(APPDATA)\Embarcadero\$(BDSAPPDATABASEDIR)\$(PRODUCTVERSION)\UserTools.proj" Condition="Exists('$(APPDATA)\Embarcadero\$(BDSAPPDATABASEDIR)\$(PRODUCTVERSION)\UserTools.proj')"/>
</Project>
